
Microsoft Visual Studio Solution File, Format Version 12.00
# Visual Studio Version 16
VisualStudioVersion = 16.0.31424.327
MinimumVisualStudioVersion = 10.0.40219.1
Project("{9A19103F-16F7-4668-BE54-9A1E7A4F7556}") = "AlgoShop", "AlgoShop\AlgoShop.csproj", "{B613ED34-6A7D-4206-9D13-0DCD2746A4BF}"
EndProject
Project("{9A19103F-16F7-4668-BE54-9A1E7A4F7556}") = "OrderService", "OrderService\OrderService.csproj", "{58D41E93-B0DC-446F-BAF9-8F8D772DD943}"
EndProject
Project("{9A19103F-16F7-4668-BE54-9A1E7A4F7556}") = "StocksService", "StocksService\StocksService.csproj", "{9080FEA2-2C2A-4D63-82FA-6ADABF63302A}"
EndProject
Project("{9A19103F-16F7-4668-BE54-9A1E7A4F7556}") = "OrderServiceTest", "OrderServiceTest\OrderServiceTest.csproj", "{C99B18C0-2B4C-4C97-8EB0-A7520AFBA9C1}"
EndProject
Project("{9A19103F-16F7-4668-BE54-9A1E7A4F7556}") = "OrderServiceClient", "OrderServiceClient\OrderServiceClient.csproj", "{D4309BE2-3FBC-4834-BBE2-A604E1B0BA17}"
EndProject
Project("{FAE04EC0-301F-11D3-BF4B-00C04F79EFBC}") = "MongoDBDataAccess", "MongoDBDataAccess\MongoDBDataAccess.csproj", "{AA721602-FE7D-455F-9565-29D54865DB97}"
EndProject
Global
	GlobalSection(SolutionConfigurationPlatforms) = preSolution
		Debug|Any CPU = Debug|Any CPU
		Release|Any CPU = Release|Any CPU
	EndGlobalSection
	GlobalSection(ProjectConfigurationPlatforms) = postSolution
		{B613ED34-6A7D-4206-9D13-0DCD2746A4BF}.Debug|Any CPU.ActiveCfg = Debug|Any CPU
		{B613ED34-6A7D-4206-9D13-0DCD2746A4BF}.Debug|Any CPU.Build.0 = Debug|Any CPU
		{B613ED34-6A7D-4206-9D13-0DCD2746A4BF}.Release|Any CPU.ActiveCfg = Release|Any CPU
		{B613ED34-6A7D-4206-9D13-0DCD2746A4BF}.Release|Any CPU.Build.0 = Release|Any CPU
		{58D41E93-B0DC-446F-BAF9-8F8D772DD943}.Debug|Any CPU.ActiveCfg = Debug|Any CPU
		{58D41E93-B0DC-446F-BAF9-8F8D772DD943}.Debug|Any CPU.Build.0 = Debug|Any CPU
		{58D41E93-B0DC-446F-BAF9-8F8D772DD943}.Release|Any CPU.ActiveCfg = Release|Any CPU
		{58D41E93-B0DC-446F-BAF9-8F8D772DD943}.Release|Any CPU.Build.0 = Release|Any CPU
		{9080FEA2-2C2A-4D63-82FA-6ADABF63302A}.Debug|Any CPU.ActiveCfg = Debug|Any CPU
		{9080FEA2-2C2A-4D63-82FA-6ADABF63302A}.Debug|Any CPU.Build.0 = Debug|Any CPU
		{9080FEA2-2C2A-4D63-82FA-6ADABF63302A}.Release|Any CPU.ActiveCfg = Release|Any CPU
		{9080FEA2-2C2A-4D63-82FA-6ADABF63302A}.Release|Any CPU.Build.0 = Release|Any CPU
		{C99B18C0-2B4C-4C97-8EB0-A7520AFBA9C1}.Debug|Any CPU.ActiveCfg = Debug|Any CPU
		{C99B18C0-2B4C-4C97-8EB0-A7520AFBA9C1}.Debug|Any CPU.Build.0 = Debug|Any CPU
		{C99B18C0-2B4C-4C97-8EB0-A7520AFBA9C1}.Release|Any CPU.ActiveCfg = Release|Any CPU
		{C99B18C0-2B4C-4C97-8EB0-A7520AFBA9C1}.Release|Any CPU.Build.0 = Release|Any CPU
		{D4309BE2-3FBC-4834-BBE2-A604E1B0BA17}.Debug|Any CPU.ActiveCfg = Debug|Any CPU
		{D4309BE2-3FBC-4834-BBE2-A604E1B0BA17}.Debug|Any CPU.Build.0 = Debug|Any CPU
		{D4309BE2-3FBC-4834-BBE2-A604E1B0BA17}.Release|Any CPU.ActiveCfg = Release|Any CPU
		{D4309BE2-3FBC-4834-BBE2-A604E1B0BA17}.Release|Any CPU.Build.0 = Release|Any CPU
		{AA721602-FE7D-455F-9565-29D54865DB97}.Debug|Any CPU.ActiveCfg = Debug|Any CPU
		{AA721602-FE7D-455F-9565-29D54865DB97}.Debug|Any CPU.Build.0 = Debug|Any CPU
		{AA721602-FE7D-455F-9565-29D54865DB97}.Release|Any CPU.ActiveCfg = Release|Any CPU
		{AA721602-FE7D-455F-9565-29D54865DB97}.Release|Any CPU.Build.0 = Release|Any CPU
	EndGlobalSection
	GlobalSection(SolutionProperties) = preSolution
		HideSolutionNode = FALSE
	EndGlobalSection
	GlobalSection(ExtensibilityGlobals) = postSolution
		SolutionGuid = {88F19A15-D615-4080-A30B-C69DBCD94D95}
	EndGlobalSection
EndGlobal
